// !$*UTF8*$!
{
	archiveVersion = 1;
	classes = {
	};
	objectVersion = 55;
	objects = {

/* Begin PBXBuildFile section */
		7A24F0BF28AD1ED1001D9B96 /* ValidationAlert.swift in Sources */ = {isa = PBXBuildFile; fileRef = 7A24F0BE28AD1ED1001D9B96 /* ValidationAlert.swift */; };
		7A24F0C128AD261D001D9B96 /* CustomAnimation.swift in Sources */ = {isa = PBXBuildFile; fileRef = 7A24F0C028AD261D001D9B96 /* CustomAnimation.swift */; };
		7A57F41A2878912A0052E892 /* AppDelegate.swift in Sources */ = {isa = PBXBuildFile; fileRef = 7A57F4192878912A0052E892 /* AppDelegate.swift */; };
		7A57F41C2878912A0052E892 /* SceneDelegate.swift in Sources */ = {isa = PBXBuildFile; fileRef = 7A57F41B2878912A0052E892 /* SceneDelegate.swift */; };
		7A57F4212878912A0052E892 /* Main.storyboard in Resources */ = {isa = PBXBuildFile; fileRef = 7A57F41F2878912A0052E892 /* Main.storyboard */; };
		7A57F4232878912C0052E892 /* Assets.xcassets in Resources */ = {isa = PBXBuildFile; fileRef = 7A57F4222878912C0052E892 /* Assets.xcassets */; };
		7A57F4262878912C0052E892 /* LaunchScreen.storyboard in Resources */ = {isa = PBXBuildFile; fileRef = 7A57F4242878912C0052E892 /* LaunchScreen.storyboard */; };
		7A57F4312878912C0052E892 /* ContactsTests.swift in Sources */ = {isa = PBXBuildFile; fileRef = 7A57F4302878912C0052E892 /* ContactsTests.swift */; };
		7A57F43B2878912C0052E892 /* ContactsUITests.swift in Sources */ = {isa = PBXBuildFile; fileRef = 7A57F43A2878912C0052E892 /* ContactsUITests.swift */; };
		7A57F43D2878912C0052E892 /* ContactsUITestsLaunchTests.swift in Sources */ = {isa = PBXBuildFile; fileRef = 7A57F43C2878912C0052E892 /* ContactsUITestsLaunchTests.swift */; };
		7A73CD782883E1670097249C /* ContactViewController.swift in Sources */ = {isa = PBXBuildFile; fileRef = 7A73CD772883E1670097249C /* ContactViewController.swift */; };
		7A73CD7A2883E3290097249C /* contact.swift in Sources */ = {isa = PBXBuildFile; fileRef = 7A73CD792883E3290097249C /* contact.swift */; };
		7A73CD7C2884027B0097249C /* EditContactViewController.swift in Sources */ = {isa = PBXBuildFile; fileRef = 7A73CD7B2884027B0097249C /* EditContactViewController.swift */; };
		7A73CD7E288DA47D0097249C /* AddContactViewController.swift in Sources */ = {isa = PBXBuildFile; fileRef = 7A73CD7D288DA47D0097249C /* AddContactViewController.swift */; };
		7A73CD8028912CA80097249C /* ContactApiModel.swift in Sources */ = {isa = PBXBuildFile; fileRef = 7A73CD7F28912CA80097249C /* ContactApiModel.swift */; };
		7A73CDC928A768560097249C /* FirebaseAnalytics in Frameworks */ = {isa = PBXBuildFile; productRef = 7A73CDC828A768560097249C /* FirebaseAnalytics */; };
		7A73CDCB28A768560097249C /* FirebaseAnalyticsWithoutAdIdSupport in Frameworks */ = {isa = PBXBuildFile; productRef = 7A73CDCA28A768560097249C /* FirebaseAnalyticsWithoutAdIdSupport */; };
		7A73CDCD28A768560097249C /* FirebaseDatabase in Frameworks */ = {isa = PBXBuildFile; productRef = 7A73CDCC28A768560097249C /* FirebaseDatabase */; };
		7A73CDCF28A768560097249C /* FirebaseDatabaseSwift in Frameworks */ = {isa = PBXBuildFile; productRef = 7A73CDCE28A768560097249C /* FirebaseDatabaseSwift */; };
		7A73CDD128A768560097249C /* FirebaseStorage in Frameworks */ = {isa = PBXBuildFile; productRef = 7A73CDD028A768560097249C /* FirebaseStorage */; };
		7A73CDD328A76BC90097249C /* GoogleService-Info.plist in Resources */ = {isa = PBXBuildFile; fileRef = 7A73CDD228A76BC90097249C /* GoogleService-Info.plist */; };
		7A73CDD528A80EBA0097249C /* ContactList.swift in Sources */ = {isa = PBXBuildFile; fileRef = 7A73CDD428A80EBA0097249C /* ContactList.swift */; };
		7A73CDD928AA8A040097249C /* Localizable.strings in Resources */ = {isa = PBXBuildFile; fileRef = 7A73CDDB28AA8A040097249C /* Localizable.strings */; };
		7A87136E28812ABB00D5D966 /* TableViewController.swift in Sources */ = {isa = PBXBuildFile; fileRef = 7A87136D28812ABB00D5D966 /* TableViewController.swift */; };
/* End PBXBuildFile section */

/* Begin PBXContainerItemProxy section */
		7A57F42D2878912C0052E892 /* PBXContainerItemProxy */ = {
			isa = PBXContainerItemProxy;
			containerPortal = 7A57F40E2878912A0052E892 /* Project object */;
			proxyType = 1;
			remoteGlobalIDString = 7A57F4152878912A0052E892;
			remoteInfo = Contacts;
		};
		7A57F4372878912C0052E892 /* PBXContainerItemProxy */ = {
			isa = PBXContainerItemProxy;
			containerPortal = 7A57F40E2878912A0052E892 /* Project object */;
			proxyType = 1;
			remoteGlobalIDString = 7A57F4152878912A0052E892;
			remoteInfo = Contacts;
		};
/* End PBXContainerItemProxy section */

/* Begin PBXFileReference section */
		7A24F0BE28AD1ED1001D9B96 /* ValidationAlert.swift */ = {isa = PBXFileReference; lastKnownFileType = sourcecode.swift; path = ValidationAlert.swift; sourceTree = "<group>"; };
		7A24F0C028AD261D001D9B96 /* CustomAnimation.swift */ = {isa = PBXFileReference; lastKnownFileType = sourcecode.swift; path = CustomAnimation.swift; sourceTree = "<group>"; };
		7A57F4162878912A0052E892 /* Contacts.app */ = {isa = PBXFileReference; explicitFileType = wrapper.application; includeInIndex = 0; path = Contacts.app; sourceTree = BUILT_PRODUCTS_DIR; };
		7A57F4192878912A0052E892 /* AppDelegate.swift */ = {isa = PBXFileReference; lastKnownFileType = sourcecode.swift; path = AppDelegate.swift; sourceTree = "<group>"; };
		7A57F41B2878912A0052E892 /* SceneDelegate.swift */ = {isa = PBXFileReference; lastKnownFileType = sourcecode.swift; path = SceneDelegate.swift; sourceTree = "<group>"; };
		7A57F4202878912A0052E892 /* Base */ = {isa = PBXFileReference; lastKnownFileType = file.storyboard; name = Base; path = Base.lproj/Main.storyboard; sourceTree = "<group>"; };
		7A57F4222878912C0052E892 /* Assets.xcassets */ = {isa = PBXFileReference; lastKnownFileType = folder.assetcatalog; path = Assets.xcassets; sourceTree = "<group>"; };
		7A57F4252878912C0052E892 /* Base */ = {isa = PBXFileReference; lastKnownFileType = file.storyboard; name = Base; path = Base.lproj/LaunchScreen.storyboard; sourceTree = "<group>"; };
		7A57F4272878912C0052E892 /* Info.plist */ = {isa = PBXFileReference; lastKnownFileType = text.plist.xml; path = Info.plist; sourceTree = "<group>"; };
		7A57F42C2878912C0052E892 /* ContactsTests.xctest */ = {isa = PBXFileReference; explicitFileType = wrapper.cfbundle; includeInIndex = 0; path = ContactsTests.xctest; sourceTree = BUILT_PRODUCTS_DIR; };
		7A57F4302878912C0052E892 /* ContactsTests.swift */ = {isa = PBXFileReference; lastKnownFileType = sourcecode.swift; path = ContactsTests.swift; sourceTree = "<group>"; };
		7A57F4362878912C0052E892 /* ContactsUITests.xctest */ = {isa = PBXFileReference; explicitFileType = wrapper.cfbundle; includeInIndex = 0; path = ContactsUITests.xctest; sourceTree = BUILT_PRODUCTS_DIR; };
		7A57F43A2878912C0052E892 /* ContactsUITests.swift */ = {isa = PBXFileReference; lastKnownFileType = sourcecode.swift; path = ContactsUITests.swift; sourceTree = "<group>"; };
		7A57F43C2878912C0052E892 /* ContactsUITestsLaunchTests.swift */ = {isa = PBXFileReference; lastKnownFileType = sourcecode.swift; path = ContactsUITestsLaunchTests.swift; sourceTree = "<group>"; };
		7A73CD772883E1670097249C /* ContactViewController.swift */ = {isa = PBXFileReference; lastKnownFileType = sourcecode.swift; path = ContactViewController.swift; sourceTree = "<group>"; };
		7A73CD792883E3290097249C /* contact.swift */ = {isa = PBXFileReference; lastKnownFileType = sourcecode.swift; path = contact.swift; sourceTree = "<group>"; };
		7A73CD7B2884027B0097249C /* EditContactViewController.swift */ = {isa = PBXFileReference; lastKnownFileType = sourcecode.swift; path = EditContactViewController.swift; sourceTree = "<group>"; };
		7A73CD7D288DA47D0097249C /* AddContactViewController.swift */ = {isa = PBXFileReference; lastKnownFileType = sourcecode.swift; path = AddContactViewController.swift; sourceTree = "<group>"; };
		7A73CD7F28912CA80097249C /* ContactApiModel.swift */ = {isa = PBXFileReference; lastKnownFileType = sourcecode.swift; path = ContactApiModel.swift; sourceTree = "<group>"; };
		7A73CDD228A76BC90097249C /* GoogleService-Info.plist */ = {isa = PBXFileReference; fileEncoding = 4; lastKnownFileType = text.plist.xml; path = "GoogleService-Info.plist"; sourceTree = "<group>"; };
		7A73CDD428A80EBA0097249C /* ContactList.swift */ = {isa = PBXFileReference; lastKnownFileType = sourcecode.swift; path = ContactList.swift; sourceTree = "<group>"; };
		7A73CDD628AA894D0097249C /* fr */ = {isa = PBXFileReference; lastKnownFileType = text.plist.strings; name = fr; path = fr.lproj/Main.strings; sourceTree = "<group>"; };
		7A73CDDC28AA8A060097249C /* fr */ = {isa = PBXFileReference; lastKnownFileType = text.plist.strings; name = fr; path = fr.lproj/Localizable.strings; sourceTree = "<group>"; };
		7A73CDDD28AA96B60097249C /* en */ = {isa = PBXFileReference; lastKnownFileType = text.plist.strings; name = en; path = en.lproj/Localizable.strings; sourceTree = "<group>"; };
		7A87136D28812ABB00D5D966 /* TableViewController.swift */ = {isa = PBXFileReference; lastKnownFileType = sourcecode.swift; path = TableViewController.swift; sourceTree = "<group>"; };
/* End PBXFileReference section */

/* Begin PBXFrameworksBuildPhase section */
		7A57F4132878912A0052E892 /* Frameworks */ = {
			isa = PBXFrameworksBuildPhase;
			buildActionMask = 2147483647;
			files = (
				7A73CDCF28A768560097249C /* FirebaseDatabaseSwift in Frameworks */,
				7A73CDCD28A768560097249C /* FirebaseDatabase in Frameworks */,
				7A73CDC928A768560097249C /* FirebaseAnalytics in Frameworks */,
				7A73CDD128A768560097249C /* FirebaseStorage in Frameworks */,
				7A73CDCB28A768560097249C /* FirebaseAnalyticsWithoutAdIdSupport in Frameworks */,
			);
			runOnlyForDeploymentPostprocessing = 0;
		};
		7A57F4292878912C0052E892 /* Frameworks */ = {
			isa = PBXFrameworksBuildPhase;
			buildActionMask = 2147483647;
			files = (
			);
			runOnlyForDeploymentPostprocessing = 0;
		};
		7A57F4332878912C0052E892 /* Frameworks */ = {
			isa = PBXFrameworksBuildPhase;
			buildActionMask = 2147483647;
			files = (
			);
			runOnlyForDeploymentPostprocessing = 0;
		};
/* End PBXFrameworksBuildPhase section */

/* Begin PBXGroup section */
		7A57F40D2878912A0052E892 = {
			isa = PBXGroup;
			children = (
				7A57F4182878912A0052E892 /* Contacts */,
				7A57F42F2878912C0052E892 /* ContactsTests */,
				7A57F4392878912C0052E892 /* ContactsUITests */,
				7A57F4172878912A0052E892 /* Products */,
			);
			sourceTree = "<group>";
		};
		7A57F4172878912A0052E892 /* Products */ = {
			isa = PBXGroup;
			children = (
				7A57F4162878912A0052E892 /* Contacts.app */,
				7A57F42C2878912C0052E892 /* ContactsTests.xctest */,
				7A57F4362878912C0052E892 /* ContactsUITests.xctest */,
			);
			name = Products;
			sourceTree = "<group>";
		};
		7A57F4182878912A0052E892 /* Contacts */ = {
			isa = PBXGroup;
			children = (
				7A73CDD228A76BC90097249C /* GoogleService-Info.plist */,
				7A57F4192878912A0052E892 /* AppDelegate.swift */,
				7A57F41B2878912A0052E892 /* SceneDelegate.swift */,
				7A57F41F2878912A0052E892 /* Main.storyboard */,
				7A57F4222878912C0052E892 /* Assets.xcassets */,
				7A57F4242878912C0052E892 /* LaunchScreen.storyboard */,
				7A57F4272878912C0052E892 /* Info.plist */,
				7A87136D28812ABB00D5D966 /* TableViewController.swift */,
				7A73CD772883E1670097249C /* ContactViewController.swift */,
				7A73CD792883E3290097249C /* contact.swift */,
				7A73CD7B2884027B0097249C /* EditContactViewController.swift */,
				7A73CD7D288DA47D0097249C /* AddContactViewController.swift */,
				7A73CD7F28912CA80097249C /* ContactApiModel.swift */,
				7A73CDD428A80EBA0097249C /* ContactList.swift */,
				7A73CDDB28AA8A040097249C /* Localizable.strings */,
				7A24F0BE28AD1ED1001D9B96 /* ValidationAlert.swift */,
				7A24F0C028AD261D001D9B96 /* CustomAnimation.swift */,
			);
			path = Contacts;
			sourceTree = "<group>";
		};
		7A57F42F2878912C0052E892 /* ContactsTests */ = {
			isa = PBXGroup;
			children = (
				7A57F4302878912C0052E892 /* ContactsTests.swift */,
			);
			path = ContactsTests;
			sourceTree = "<group>";
		};
		7A57F4392878912C0052E892 /* ContactsUITests */ = {
			isa = PBXGroup;
			children = (
				7A57F43A2878912C0052E892 /* ContactsUITests.swift */,
				7A57F43C2878912C0052E892 /* ContactsUITestsLaunchTests.swift */,
			);
			path = ContactsUITests;
			sourceTree = "<group>";
		};
/* End PBXGroup section */

/* Begin PBXNativeTarget section */
		7A57F4152878912A0052E892 /* Contacts */ = {
			isa = PBXNativeTarget;
			buildConfigurationList = 7A57F4402878912C0052E892 /* Build configuration list for PBXNativeTarget "Contacts" */;
			buildPhases = (
				7A57F4122878912A0052E892 /* Sources */,
				7A57F4132878912A0052E892 /* Frameworks */,
				7A57F4142878912A0052E892 /* Resources */,
			);
			buildRules = (
			);
			dependencies = (
			);
			name = Contacts;
			packageProductDependencies = (
				7A73CDC828A768560097249C /* FirebaseAnalytics */,
				7A73CDCA28A768560097249C /* FirebaseAnalyticsWithoutAdIdSupport */,
				7A73CDCC28A768560097249C /* FirebaseDatabase */,
				7A73CDCE28A768560097249C /* FirebaseDatabaseSwift */,
				7A73CDD028A768560097249C /* FirebaseStorage */,
			);
			productName = Contacts;
			productReference = 7A57F4162878912A0052E892 /* Contacts.app */;
			productType = "com.apple.product-type.application";
		};
		7A57F42B2878912C0052E892 /* ContactsTests */ = {
			isa = PBXNativeTarget;
			buildConfigurationList = 7A57F4432878912C0052E892 /* Build configuration list for PBXNativeTarget "ContactsTests" */;
			buildPhases = (
				7A57F4282878912C0052E892 /* Sources */,
				7A57F4292878912C0052E892 /* Frameworks */,
				7A57F42A2878912C0052E892 /* Resources */,
			);
			buildRules = (
			);
			dependencies = (
				7A57F42E2878912C0052E892 /* PBXTargetDependency */,
			);
			name = ContactsTests;
			productName = ContactsTests;
			productReference = 7A57F42C2878912C0052E892 /* ContactsTests.xctest */;
			productType = "com.apple.product-type.bundle.unit-test";
		};
		7A57F4352878912C0052E892 /* ContactsUITests */ = {
			isa = PBXNativeTarget;
			buildConfigurationList = 7A57F4462878912C0052E892 /* Build configuration list for PBXNativeTarget "ContactsUITests" */;
			buildPhases = (
				7A57F4322878912C0052E892 /* Sources */,
				7A57F4332878912C0052E892 /* Frameworks */,
				7A57F4342878912C0052E892 /* Resources */,
			);
			buildRules = (
			);
			dependencies = (
				7A57F4382878912C0052E892 /* PBXTargetDependency */,
			);
			name = ContactsUITests;
			productName = ContactsUITests;
			productReference = 7A57F4362878912C0052E892 /* ContactsUITests.xctest */;
			productType = "com.apple.product-type.bundle.ui-testing";
		};
/* End PBXNativeTarget section */

/* Begin PBXProject section */
		7A57F40E2878912A0052E892 /* Project object */ = {
			isa = PBXProject;
			attributes = {
				BuildIndependentTargetsInParallel = 1;
				LastSwiftUpdateCheck = 1330;
				LastUpgradeCheck = 1330;
				TargetAttributes = {
					7A57F4152878912A0052E892 = {
						CreatedOnToolsVersion = 13.3.1;
					};
					7A57F42B2878912C0052E892 = {
						CreatedOnToolsVersion = 13.3.1;
						TestTargetID = 7A57F4152878912A0052E892;
					};
					7A57F4352878912C0052E892 = {
						CreatedOnToolsVersion = 13.3.1;
						TestTargetID = 7A57F4152878912A0052E892;
					};
				};
			};
			buildConfigurationList = 7A57F4112878912A0052E892 /* Build configuration list for PBXProject "Contacts" */;
			compatibilityVersion = "Xcode 13.0";
			developmentRegion = en;
			hasScannedForEncodings = 0;
			knownRegions = (
				en,
				Base,
				fr,
			);
			mainGroup = 7A57F40D2878912A0052E892;
			packageReferences = (
				7A73CDC728A768560097249C /* XCRemoteSwiftPackageReference "firebase-ios-sdk" */,
			);
			productRefGroup = 7A57F4172878912A0052E892 /* Products */;
			projectDirPath = "";
			projectRoot = "";
			targets = (
				7A57F4152878912A0052E892 /* Contacts */,
				7A57F42B2878912C0052E892 /* ContactsTests */,
				7A57F4352878912C0052E892 /* ContactsUITests */,
			);
		};
/* End PBXProject section */

/* Begin PBXResourcesBuildPhase section */
		7A57F4142878912A0052E892 /* Resources */ = {
			isa = PBXResourcesBuildPhase;
			buildActionMask = 2147483647;
			files = (
				7A73CDD928AA8A040097249C /* Localizable.strings in Resources */,
				7A57F4262878912C0052E892 /* LaunchScreen.storyboard in Resources */,
				7A73CDD328A76BC90097249C /* GoogleService-Info.plist in Resources */,
				7A57F4232878912C0052E892 /* Assets.xcassets in Resources */,
				7A57F4212878912A0052E892 /* Main.storyboard in Resources */,
			);
			runOnlyForDeploymentPostprocessing = 0;
		};
		7A57F42A2878912C0052E892 /* Resources */ = {
			isa = PBXResourcesBuildPhase;
			buildActionMask = 2147483647;
			files = (
			);
			runOnlyForDeploymentPostprocessing = 0;
		};
		7A57F4342878912C0052E892 /* Resources */ = {
			isa = PBXResourcesBuildPhase;
			buildActionMask = 2147483647;
			files = (
			);
			runOnlyForDeploymentPostprocessing = 0;
		};
/* End PBXResourcesBuildPhase section */

/* Begin PBXSourcesBuildPhase section */
		7A57F4122878912A0052E892 /* Sources */ = {
			isa = PBXSourcesBuildPhase;
			buildActionMask = 2147483647;
			files = (
				7A24F0C128AD261D001D9B96 /* CustomAnimation.swift in Sources */,
				7A57F41A2878912A0052E892 /* AppDelegate.swift in Sources */,
				7A73CD782883E1670097249C /* ContactViewController.swift in Sources */,
				7A73CD7E288DA47D0097249C /* AddContactViewController.swift in Sources */,
				7A57F41C2878912A0052E892 /* SceneDelegate.swift in Sources */,
				7A73CD7A2883E3290097249C /* contact.swift in Sources */,
				7A87136E28812ABB00D5D966 /* TableViewController.swift in Sources */,
				7A73CDD528A80EBA0097249C /* ContactList.swift in Sources */,
				7A24F0BF28AD1ED1001D9B96 /* ValidationAlert.swift in Sources */,
				7A73CD7C2884027B0097249C /* EditContactViewController.swift in Sources */,
				7A73CD8028912CA80097249C /* ContactApiModel.swift in Sources */,
			);
			runOnlyForDeploymentPostprocessing = 0;
		};
		7A57F4282878912C0052E892 /* Sources */ = {
			isa = PBXSourcesBuildPhase;
			buildActionMask = 2147483647;
			files = (
				7A57F4312878912C0052E892 /* ContactsTests.swift in Sources */,
			);
			runOnlyForDeploymentPostprocessing = 0;
		};
		7A57F4322878912C0052E892 /* Sources */ = {
			isa = PBXSourcesBuildPhase;
			buildActionMask = 2147483647;
			files = (
				7A57F43D2878912C0052E892 /* ContactsUITestsLaunchTests.swift in Sources */,
				7A57F43B2878912C0052E892 /* ContactsUITests.swift in Sources */,
			);
			runOnlyForDeploymentPostprocessing = 0;
		};
/* End PBXSourcesBuildPhase section */

/* Begin PBXTargetDependency section */
		7A57F42E2878912C0052E892 /* PBXTargetDependency */ = {
			isa = PBXTargetDependency;
			target = 7A57F4152878912A0052E892 /* Contacts */;
			targetProxy = 7A57F42D2878912C0052E892 /* PBXContainerItemProxy */;
		};
		7A57F4382878912C0052E892 /* PBXTargetDependency */ = {
			isa = PBXTargetDependency;
			target = 7A57F4152878912A0052E892 /* Contacts */;
			targetProxy = 7A57F4372878912C0052E892 /* PBXContainerItemProxy */;
		};
/* End PBXTargetDependency section */

/* Begin PBXVariantGroup section */
		7A57F41F2878912A0052E892 /* Main.storyboard */ = {
			isa = PBXVariantGroup;
			children = (
				7A57F4202878912A0052E892 /* Base */,
				7A73CDD628AA894D0097249C /* fr */,
			);
			name = Main.storyboard;
			sourceTree = "<group>";
		};
		7A57F4242878912C0052E892 /* LaunchScreen.storyboard */ = {
			isa = PBXVariantGroup;
			children = (
				7A57F4252878912C0052E892 /* Base */,
			);
			name = LaunchScreen.storyboard;
			sourceTree = "<group>";
		};
		7A73CDDB28AA8A040097249C /* Localizable.strings */ = {
			isa = PBXVariantGroup;
			children = (
				7A73CDDC28AA8A060097249C /* fr */,
				7A73CDDD28AA96B60097249C /* en */,
			);
			name = Localizable.strings;
			sourceTree = "<group>";
		};
/* End PBXVariantGroup section */

/* Begin XCBuildConfiguration section */
		7A57F43E2878912C0052E892 /* Debug */ = {
			isa = XCBuildConfiguration;
			buildSettings = {
				ALWAYS_SEARCH_USER_PATHS = NO;
				CLANG_ANALYZER_LOCALIZABILITY_NONLOCALIZED = YES;
				CLANG_ANALYZER_NONNULL = YES;
				CLANG_ANALYZER_NUMBER_OBJECT_CONVERSION = YES_AGGRESSIVE;
				CLANG_CXX_LANGUAGE_STANDARD = "gnu++17";
				CLANG_ENABLE_MODULES = YES;
				CLANG_ENABLE_OBJC_ARC = YES;
				CLANG_ENABLE_OBJC_WEAK = YES;
				CLANG_WARN_BLOCK_CAPTURE_AUTORELEASING = YES;
				CLANG_WARN_BOOL_CONVERSION = YES;
				CLANG_WARN_COMMA = YES;
				CLANG_WARN_CONSTANT_CONVERSION = YES;
				CLANG_WARN_DEPRECATED_OBJC_IMPLEMENTATIONS = YES;
				CLANG_WARN_DIRECT_OBJC_ISA_USAGE = YES_ERROR;
				CLANG_WARN_DOCUMENTATION_COMMENTS = YES;
				CLANG_WARN_EMPTY_BODY = YES;
				CLANG_WARN_ENUM_CONVERSION = YES;
				CLANG_WARN_INFINITE_RECURSION = YES;
				CLANG_WARN_INT_CONVERSION = YES;
				CLANG_WARN_NON_LITERAL_NULL_CONVERSION = YES;
				CLANG_WARN_OBJC_IMPLICIT_RETAIN_SELF = YES;
				CLANG_WARN_OBJC_LITERAL_CONVERSION = YES;
				CLANG_WARN_OBJC_ROOT_CLASS = YES_ERROR;
				CLANG_WARN_QUOTED_INCLUDE_IN_FRAMEWORK_HEADER = YES;
				CLANG_WARN_RANGE_LOOP_ANALYSIS = YES;
				CLANG_WARN_STRICT_PROTOTYPES = YES;
				CLANG_WARN_SUSPICIOUS_MOVE = YES;
				CLANG_WARN_UNGUARDED_AVAILABILITY = YES_AGGRESSIVE;
				CLANG_WARN_UNREACHABLE_CODE = YES;
				CLANG_WARN__DUPLICATE_METHOD_MATCH = YES;
				COPY_PHASE_STRIP = NO;
				DEBUG_INFORMATION_FORMAT = dwarf;
				ENABLE_STRICT_OBJC_MSGSEND = YES;
				ENABLE_TESTABILITY = YES;
				GCC_C_LANGUAGE_STANDARD = gnu11;
				GCC_DYNAMIC_NO_PIC = NO;
				GCC_NO_COMMON_BLOCKS = YES;
				GCC_OPTIMIZATION_LEVEL = 0;
				GCC_PREPROCESSOR_DEFINITIONS = (
					"DEBUG=1",
					"$(inherited)",
				);
				GCC_WARN_64_TO_32_BIT_CONVERSION = YES;
				GCC_WARN_ABOUT_RETURN_TYPE = YES_ERROR;
				GCC_WARN_UNDECLARED_SELECTOR = YES;
				GCC_WARN_UNINITIALIZED_AUTOS = YES_AGGRESSIVE;
				GCC_WARN_UNUSED_FUNCTION = YES;
				GCC_WARN_UNUSED_VARIABLE = YES;
				IPHONEOS_DEPLOYMENT_TARGET = 15.4;
				MTL_ENABLE_DEBUG_INFO = INCLUDE_SOURCE;
				MTL_FAST_MATH = YES;
				NEW_SETTING = "";
				ONLY_ACTIVE_ARCH = YES;
				SDKROOT = iphoneos;
				SWIFT_ACTIVE_COMPILATION_CONDITIONS = DEBUG;
				SWIFT_OPTIMIZATION_LEVEL = "-Onone";
			};
			name = Debug;
		};
		7A57F43F2878912C0052E892 /* Release */ = {
			isa = XCBuildConfiguration;
			buildSettings = {
				ALWAYS_SEARCH_USER_PATHS = NO;
				CLANG_ANALYZER_LOCALIZABILITY_NONLOCALIZED = YES;
				CLANG_ANALYZER_NONNULL = YES;
				CLANG_ANALYZER_NUMBER_OBJECT_CONVERSION = YES_AGGRESSIVE;
				CLANG_CXX_LANGUAGE_STANDARD = "gnu++17";
				CLANG_ENABLE_MODULES = YES;
				CLANG_ENABLE_OBJC_ARC = YES;
				CLANG_ENABLE_OBJC_WEAK = YES;
				CLANG_WARN_BLOCK_CAPTURE_AUTORELEASING = YES;
				CLANG_WARN_BOOL_CONVERSION = YES;
				CLANG_WARN_COMMA = YES;
				CLANG_WARN_CONSTANT_CONVERSION = YES;
				CLANG_WARN_DEPRECATED_OBJC_IMPLEMENTATIONS = YES;
				CLANG_WARN_DIRECT_OBJC_ISA_USAGE = YES_ERROR;
				CLANG_WARN_DOCUMENTATION_COMMENTS = YES;
				CLANG_WARN_EMPTY_BODY = YES;
				CLANG_WARN_ENUM_CONVERSION = YES;
				CLANG_WARN_INFINITE_RECURSION = YES;
				CLANG_WARN_INT_CONVERSION = YES;
				CLANG_WARN_NON_LITERAL_NULL_CONVERSION = YES;
				CLANG_WARN_OBJC_IMPLICIT_RETAIN_SELF = YES;
				CLANG_WARN_OBJC_LITERAL_CONVERSION = YES;
				CLANG_WARN_OBJC_ROOT_CLASS = YES_ERROR;
				CLANG_WARN_QUOTED_INCLUDE_IN_FRAMEWORK_HEADER = YES;
				CLANG_WARN_RANGE_LOOP_ANALYSIS = YES;
				CLANG_WARN_STRICT_PROTOTYPES = YES;
				CLANG_WARN_SUSPICIOUS_MOVE = YES;
				CLANG_WARN_UNGUARDED_AVAILABILITY = YES_AGGRESSIVE;
				CLANG_WARN_UNREACHABLE_CODE = YES;
				CLANG_WARN__DUPLICATE_METHOD_MATCH = YES;
				COPY_PHASE_STRIP = NO;
				DEBUG_INFORMATION_FORMAT = "dwarf-with-dsym";
				ENABLE_NS_ASSERTIONS = NO;
				ENABLE_STRICT_OBJC_MSGSEND = YES;
				GCC_C_LANGUAGE_STANDARD = gnu11;
				GCC_NO_COMMON_BLOCKS = YES;
				GCC_WARN_64_TO_32_BIT_CONVERSION = YES;
				GCC_WARN_ABOUT_RETURN_TYPE = YES_ERROR;
				GCC_WARN_UNDECLARED_SELECTOR = YES;
				GCC_WARN_UNINITIALIZED_AUTOS = YES_AGGRESSIVE;
				GCC_WARN_UNUSED_FUNCTION = YES;
				GCC_WARN_UNUSED_VARIABLE = YES;
				IPHONEOS_DEPLOYMENT_TARGET = 15.4;
				MTL_ENABLE_DEBUG_INFO = NO;
				MTL_FAST_MATH = YES;
				NEW_SETTING = "";
				SDKROOT = iphoneos;
				SWIFT_COMPILATION_MODE = wholemodule;
				SWIFT_OPTIMIZATION_LEVEL = "-O";
				VALIDATE_PRODUCT = YES;
			};
			name = Release;
		};
		7A57F4412878912C0052E892 /* Debug */ = {
			isa = XCBuildConfiguration;
			buildSettings = {
				ASSETCATALOG_COMPILER_APPICON_NAME = AppIcon;
				ASSETCATALOG_COMPILER_GLOBAL_ACCENT_COLOR_NAME = AccentColor;
				CODE_SIGN_STYLE = Automatic;
				CURRENT_PROJECT_VERSION = 1;
				DEVELOPMENT_TEAM = 8B9ACQ89XD;
				GENERATE_INFOPLIST_FILE = YES;
				INFOPLIST_FILE = Contacts/Info.plist;
				INFOPLIST_KEY_UIApplicationSupportsIndirectInputEvents = YES;
				INFOPLIST_KEY_UILaunchStoryboardName = LaunchScreen;
				INFOPLIST_KEY_UIMainStoryboardFile = Main;
				INFOPLIST_KEY_UISupportedInterfaceOrientations_iPad = "UIInterfaceOrientationPortrait UIInterfaceOrientationPortraitUpsideDown UIInterfaceOrientationLandscapeLeft UIInterfaceOrientationLandscapeRight";
				INFOPLIST_KEY_UISupportedInterfaceOrientations_iPhone = "UIInterfaceOrientationPortrait UIInterfaceOrientationLandscapeLeft UIInterfaceOrientationLandscapeRight";
				LD_RUNPATH_SEARCH_PATHS = (
					"$(inherited)",
					"@executable_path/Frameworks",
				);
				MARKETING_VERSION = 1.0;
				PRODUCT_BUNDLE_IDENTIFIER = com.lab.Contacts;
				PRODUCT_NAME = "$(TARGET_NAME)";
				SWIFT_EMIT_LOC_STRINGS = YES;
				SWIFT_VERSION = 5.0;
				TARGETED_DEVICE_FAMILY = "1,2";
			};
			name = Debug;
		};
		7A57F4422878912C0052E892 /* Release */ = {
			isa = XCBuildConfiguration;
			buildSettings = {
				ASSETCATALOG_COMPILER_APPICON_NAME = AppIcon;
				ASSETCATALOG_COMPILER_GLOBAL_ACCENT_COLOR_NAME = AccentColor;
				CODE_SIGN_STYLE = Automatic;
				CURRENT_PROJECT_VERSION = 1;
				DEVELOPMENT_TEAM = 8B9ACQ89XD;
				GENERATE_INFOPLIST_FILE = YES;
				INFOPLIST_FILE = Contacts/Info.plist;
				INFOPLIST_KEY_UIApplicationSupportsIndirectInputEvents = YES;
				INFOPLIST_KEY_UILaunchStoryboardName = LaunchScreen;
				INFOPLIST_KEY_UIMainStoryboardFile = Main;
				INFOPLIST_KEY_UISupportedInterfaceOrientations_iPad = "UIInterfaceOrientationPortrait UIInterfaceOrientationPortraitUpsideDown UIInterfaceOrientationLandscapeLeft UIInterfaceOrientationLandscapeRight";
				INFOPLIST_KEY_UISupportedInterfaceOrientations_iPhone = "UIInterfaceOrientationPortrait UIInterfaceOrientationLandscapeLeft UIInterfaceOrientationLandscapeRight";
				LD_RUNPATH_SEARCH_PATHS = (
					"$(inherited)",
					"@executable_path/Frameworks",
				);
				MARKETING_VERSION = 1.0;
				PRODUCT_BUNDLE_IDENTIFIER = com.lab.Contacts;
				PRODUCT_NAME = "$(TARGET_NAME)";
				SWIFT_EMIT_LOC_STRINGS = YES;
				SWIFT_VERSION = 5.0;
				TARGETED_DEVICE_FAMILY = "1,2";
			};
			name = Release;
		};
		7A57F4442878912C0052E892 /* Debug */ = {
			isa = XCBuildConfiguration;
			buildSettings = {
				ALWAYS_EMBED_SWIFT_STANDARD_LIBRARIES = YES;
				BUNDLE_LOADER = "$(TEST_HOST)";
				CODE_SIGN_STYLE = Automatic;
				CURRENT_PROJECT_VERSION = 1;
				DEVELOPMENT_TEAM = 8B9ACQ89XD;
				GENERATE_INFOPLIST_FILE = YES;
				IPHONEOS_DEPLOYMENT_TARGET = 15.4;
				MARKETING_VERSION = 1.0;
				PRODUCT_BUNDLE_IDENTIFIER = com.lab.ContactsTests;
				PRODUCT_NAME = "$(TARGET_NAME)";
				SWIFT_EMIT_LOC_STRINGS = NO;
				SWIFT_VERSION = 5.0;
				TARGETED_DEVICE_FAMILY = "1,2";
				TEST_HOST = "$(BUILT_PRODUCTS_DIR)/Contacts.app/Contacts";
			};
			name = Debug;
		};
		7A57F4452878912C0052E892 /* Release */ = {
			isa = XCBuildConfiguration;
			buildSettings = {
				ALWAYS_EMBED_SWIFT_STANDARD_LIBRARIES = YES;
				BUNDLE_LOADER = "$(TEST_HOST)";
				CODE_SIGN_STYLE = Automatic;
				CURRENT_PROJECT_VERSION = 1;
				DEVELOPMENT_TEAM = 8B9ACQ89XD;
				GENERATE_INFOPLIST_FILE = YES;
				IPHONEOS_DEPLOYMENT_TARGET = 15.4;
				MARKETING_VERSION = 1.0;
				PRODUCT_BUNDLE_IDENTIFIER = com.lab.ContactsTests;
				PRODUCT_NAME = "$(TARGET_NAME)";
				SWIFT_EMIT_LOC_STRINGS = NO;
				SWIFT_VERSION = 5.0;
				TARGETED_DEVICE_FAMILY = "1,2";
				TEST_HOST = "$(BUILT_PRODUCTS_DIR)/Contacts.app/Contacts";
			};
			name = Release;
		};
		7A57F4472878912C0052E892 /* Debug */ = {
			isa = XCBuildConfiguration;
			buildSettings = {
				ALWAYS_EMBED_SWIFT_STANDARD_LIBRARIES = YES;
				CODE_SIGN_STYLE = Automatic;
				CURRENT_PROJECT_VERSION = 1;
				DEVELOPMENT_TEAM = 8B9ACQ89XD;
				GENERATE_INFOPLIST_FILE = YES;
				MARKETING_VERSION = 1.0;
				PRODUCT_BUNDLE_IDENTIFIER = com.lab.ContactsUITests;
				PRODUCT_NAME = "$(TARGET_NAME)";
				SWIFT_EMIT_LOC_STRINGS = NO;
				SWIFT_VERSION = 5.0;
				TARGETED_DEVICE_FAMILY = "1,2";
				TEST_TARGET_NAME = Contacts;
			};
			name = Debug;
		};
		7A57F4482878912C0052E892 /* Release */ = {
			isa = XCBuildConfiguration;
			buildSettings = {
				ALWAYS_EMBED_SWIFT_STANDARD_LIBRARIES = YES;
				CODE_SIGN_STYLE = Automatic;
				CURRENT_PROJECT_VERSION = 1;
				DEVELOPMENT_TEAM = 8B9ACQ89XD;
				GENERATE_INFOPLIST_FILE = YES;
				MARKETING_VERSION = 1.0;
				PRODUCT_BUNDLE_IDENTIFIER = com.lab.ContactsUITests;
				PRODUCT_NAME = "$(TARGET_NAME)";
				SWIFT_EMIT_LOC_STRINGS = NO;
				SWIFT_VERSION = 5.0;
				TARGETED_DEVICE_FAMILY = "1,2";
				TEST_TARGET_NAME = Contacts;
			};
			name = Release;
		};
/* End XCBuildConfiguration section */

/* Begin XCConfigurationList section */
		7A57F4112878912A0052E892 /* Build configuration list for PBXProject "Contacts" */ = {
			isa = XCConfigurationList;
			buildConfigurations = (
				7A57F43E2878912C0052E892 /* Debug */,
				7A57F43F2878912C0052E892 /* Release */,
			);
			defaultConfigurationIsVisible = 0;
			defaultConfigurationName = Release;
		};
		7A57F4402878912C0052E892 /* Build configuration list for PBXNativeTarget "Contacts" */ = {
			isa = XCConfigurationList;
			buildConfigurations = (
				7A57F4412878912C0052E892 /* Debug */,
				7A57F4422878912C0052E892 /* Release */,
			);
			defaultConfigurationIsVisible = 0;
			defaultConfigurationName = Release;
		};
		7A57F4432878912C0052E892 /* Build configuration list for PBXNativeTarget "ContactsTests" */ = {
			isa = XCConfigurationList;
			buildConfigurations = (
				7A57F4442878912C0052E892 /* Debug */,
				7A57F4452878912C0052E892 /* Release */,
			);
			defaultConfigurationIsVisible = 0;
			defaultConfigurationName = Release;
		};
		7A57F4462878912C0052E892 /* Build configuration list for PBXNativeTarget "ContactsUITests" */ = {
			isa = XCConfigurationList;
			buildConfigurations = (
				7A57F4472878912C0052E892 /* Debug */,
				7A57F4482878912C0052E892 /* Release */,
			);
			defaultConfigurationIsVisible = 0;
			defaultConfigurationName = Release;
		};
/* End XCConfigurationList section */

/* Begin XCRemoteSwiftPackageReference section */
		7A73CDC728A768560097249C /* XCRemoteSwiftPackageReference "firebase-ios-sdk" */ = {
			isa = XCRemoteSwiftPackageReference;
			repositoryURL = "https://github.com/firebase/firebase-ios-sdk";
			requirement = {
				kind = upToNextMajorVersion;
				minimumVersion = 9.0.0;
			};
		};
/* End XCRemoteSwiftPackageReference section */

/* Begin XCSwiftPackageProductDependency section */
		7A73CDC828A768560097249C /* FirebaseAnalytics */ = {
			isa = XCSwiftPackageProductDependency;
			package = 7A73CDC728A768560097249C /* XCRemoteSwiftPackageReference "firebase-ios-sdk" */;
			productName = FirebaseAnalytics;
		};
		7A73CDCA28A768560097249C /* FirebaseAnalyticsWithoutAdIdSupport */ = {
			isa = XCSwiftPackageProductDependency;
			package = 7A73CDC728A768560097249C /* XCRemoteSwiftPackageReference "firebase-ios-sdk" */;
			productName = FirebaseAnalyticsWithoutAdIdSupport;
		};
		7A73CDCC28A768560097249C /* FirebaseDatabase */ = {
			isa = XCSwiftPackageProductDependency;
			package = 7A73CDC728A768560097249C /* XCRemoteSwiftPackageReference "firebase-ios-sdk" */;
			productName = FirebaseDatabase;
		};
		7A73CDCE28A768560097249C /* FirebaseDatabaseSwift */ = {
			isa = XCSwiftPackageProductDependency;
			package = 7A73CDC728A768560097249C /* XCRemoteSwiftPackageReference "firebase-ios-sdk" */;
			productName = FirebaseDatabaseSwift;
		};
		7A73CDD028A768560097249C /* FirebaseStorage */ = {
			isa = XCSwiftPackageProductDependency;
			package = 7A73CDC728A768560097249C /* XCRemoteSwiftPackageReference "firebase-ios-sdk" */;
			productName = FirebaseStorage;
		};
/* End XCSwiftPackageProductDependency section */
	};
	rootObject = 7A57F40E2878912A0052E892 /* Project object */;
}
